
Microsoft Visual Studio Solution File, Format Version 12.00
# Visual Studio Version 16
VisualStudioVersion = 16.0.810.14
MinimumVisualStudioVersion = 10.0.40219.1
Project("{FAE04EC0-301F-11D3-BF4B-00C04F79EFBC}") = "GitAction", "GitAction\GitAction.csproj", "{4E9A9D57-313E-4042-AE11-E99FC7B1B37E}"
EndProject
Global
	GlobalSection(SolutionConfigurationPlatforms) = preSolution
		Debug|iPhoneSimulator = Debug|iPhoneSimulator
		Release|iPhoneSimulator = Release|iPhoneSimulator
		Debug|iPhone = Debug|iPhone
		Release|iPhone = Release|iPhone
	EndGlobalSection
	GlobalSection(ProjectConfigurationPlatforms) = postSolution
		{4E9A9D57-313E-4042-AE11-E99FC7B1B37E}.Debug|iPhoneSimulator.ActiveCfg = Debug|iPhoneSimulator
		{4E9A9D57-313E-4042-AE11-E99FC7B1B37E}.Debug|iPhoneSimulator.Build.0 = Debug|iPhoneSimulator
		{4E9A9D57-313E-4042-AE11-E99FC7B1B37E}.Release|iPhoneSimulator.ActiveCfg = Release|iPhoneSimulator
		{4E9A9D57-313E-4042-AE11-E99FC7B1B37E}.Release|iPhoneSimulator.Build.0 = Release|iPhoneSimulator
		{4E9A9D57-313E-4042-AE11-E99FC7B1B37E}.Debug|iPhone.ActiveCfg = Debug|iPhone
		{4E9A9D57-313E-4042-AE11-E99FC7B1B37E}.Debug|iPhone.Build.0 = Debug|iPhone
		{4E9A9D57-313E-4042-AE11-E99FC7B1B37E}.Release|iPhone.ActiveCfg = Release|iPhone
		{4E9A9D57-313E-4042-AE11-E99FC7B1B37E}.Release|iPhone.Build.0 = Release|iPhone
	EndGlobalSection
	GlobalSection(SolutionProperties) = preSolution
		HideSolutionNode = FALSE
	EndGlobalSection
	GlobalSection(ExtensibilityGlobals) = postSolution
		SolutionGuid = {A0C980AE-8034-48BF-B00B-D61CEF437F50}
	EndGlobalSection
EndGlobal
